name: Temporary WEB V0.14 lockfile sync

on:
  push:
    branches: [automation/web-v014-lock]
    paths:
      - 'package.json'

permissions:
  contents: write

jobs:
  lockfile:
    runs-on: ubuntu-latest
    steps:
      - uses: actions/checkout@v4
      - uses: actions/setup-node@v4
        with:
          node-version: '22'
          cache: npm
      - name: Generate canonical npm lockfile
        run: npm install --package-lock-only --ignore-scripts
      - name: Commit generated lockfile
        run: |
          git config user.name "github-actions[bot]"
          git config user.email "41898282+github-actions[bot]@users.noreply.github.com"
          git add package-lock.json
          if git diff --cached --quiet; then
            exit 0
          fi
          git commit -m "chore: sync WEB V0.14 npm lockfile"
          git push
